github.com/BurntSushi/toml v0.3.0/go.mod h1:xHWCNGjB5oqiDr8zfno3MHue2Ht5sIBksp03qcyfWMU=
github.com/BurntSushi/toml v0.3.1 h1:WXkYYl6Yr3qBf1K79EBnL4mak0OimBfB0XUf9Vl28OQ=
github.com/BurntSushi/toml v0.3.1/go.mod h1:xHWCNGjB5oqiDr8zfno3MHue2Ht5sIBksp03qcyfWMU=
github.com/GeertJohan/go.incremental v1.0.0/go.mod h1:6fAjUhbVuX1KcMD3c8TEgVUqmo4seqhv0i0kdATSkM0=
github.com/GeertJohan/go.rice v1.0.0 h1:KkI6O9uMaQU3VEKaj01ulavtF7o1fWT7+pk/4voiMLQ=
github.com/GeertJohan/go.rice v1.0.0/go.mod h1:eH6gbSOAUv07dQuZVnBmoDP8mgsM1rtixis4Tib9if0=
github.com/akavel/rsrc v0.8.0/go.mod h1:uLoCtb9J+EyAqh+26kdrTgmzRBFPGOolLWKpdxkKq+c=
github.com/armon/consul-api v0.0.0-20180202201655-eb2c6b5be1b6/go.mod h1:grANhF5doyWs3UAsr3K4I6qtAmlQcZDesFNEHPZAzj8=
github.com/coreos/etcd v3.3.10+incompatible/go.mod h1:uF7uidLiAD3TWHmW31ZFd/JWoc32PjwdhPthX9715RE=
github.com/coreos/go-etcd v2.0.0+incompatible/go.mod h1:Jez6KQU2B/sWsbdaef3ED8NzMklzPG4d5KIOhIy30Tk=
github.com/coreos/go-semver v0.2.0/go.mod h1:nnelYz7RCh+5ahJtPPxZlU+153eP4D4r3EedlOD2RNk=
github.com/daaku/go.zipexe v1.0.0 h1:VSOgZtH418pH9L16hC/JrgSNJbbAL26pj7lmD1+CGdY=
github.com/daaku/go.zipexe v1.0.0/go.mod h1:z8IiR6TsVLEYKwXAoE/I+8ys/sDkgTzSL0CLnGVd57E=
github.com/davecgh/go-spew v1.1.1 h1:vj9j/u1bqnvCEfJOwUhtlOARqs3+rkHYY13jYWTU97c=
github.com/davecgh/go-spew v1.1.1/go.mod h1:J7Y8YcW2NihsgmVo/mv3lAwl/skON4iLHjSsI+c5H38=
github.com/dustin/go-humanize v1.0.0 h1:VSnTsYCnlFHaM2/igO1h6X3HA71jcobQuxemgkq4zYo=
github.com/dustin/go-humanize v1.0.0/go.mod h1:HtrtbFcZ19U5GC7JDqmcUSB87Iq5E25KnS6fMYU6eOk=
github.com/foolin/gin-template v0.0.0-20180515083052-089e62d1d723 h1:3WvG578OInfd+FMPXV2LbhjnNdxwc/TPMcgS4+cqHz4=
github.com/foolin/gin-template v0.0.0-20180515083052-089e62d1d723/go.mod h1:C2ca9FYDoq/nsiqURv2kJwzhqXAgSXTTES2q25whECc=
github.com/fsnotify/fsnotify v1.4.7 h1:IXs+QLmnXW2CcXuY+8Mzv/fWEsPGWxqefPtCP5CnV9I=
github.com/fsnotify/fsnotify v1.4.7/go.mod h1:jwhsz4b93w/PPRr/qN1Yymfu8t87LnFCMoQvtojpjFo=
github.com/gin-contrib/sse v0.0.0-20190301062529-5545eab6dad3 h1:t8FVkw33L+wilf2QiWkw0UV77qRpcH/JHPKGpKa2E8g=
github.com/gin-contrib/sse v0.0.0-20190301062529-5545eab6dad3/go.mod h1:VJ0WA2NBN22VlZ2dKZQPAPnyWw5XTlK1KymzLKsr59s=
github.com/gin-gonic/gin v1.3.0 h1:kCmZyPklC0gVdL728E6Aj20uYBJV93nj/TkwBTKhFbs=
github.com/gin-gonic/gin v1.3.0/go.mod h1:7cKuhb5qV2ggCFctp2fJQ+ErvciLZrIeoOSOm6mUr7Y=
github.com/golang/protobuf v1.3.1 h1:YF8+flBXS5eO826T4nzqPrxfhQThhXl0YzfuUPu4SBg=
github.com/golang/protobuf v1.3.1/go.mod h1:6lQm79b+lXiMfvg/cZm0SGofjICqVBUtrP5yJMmIC1U=
github.com/hashicorp/hcl v1.0.0 h1:0Anlzjpi4vEasTeNFn2mLJgTSwt0+6sfsiTG8qcWGx4=
github.com/hashicorp/hcl v1.0.0/go.mod h1:E5yfLk+7swimpb2L/Alb/PJmXilQ/rhwaUYs4T20WEQ=
github.com/jessevdk/go-flags v1.4.0/go.mod h1:4FA24M0QyGHXBuZZK/XkWh8h0e1EYbRYJSGM75WSRxI=
github.com/magiconair/properties v1.8.0 h1:LLgXmsheXeRoUOBOjtwPQCWIYqM/LU1ayDtDePerRcY=
github.com/magiconair/properties v1.8.0/go.mod h1:PppfXfuXeibc/6YijjN8zIbojt8czPbwD3XqdrwzmxQ=
github.com/mattn/go-isatty v0.0.7 h1:UvyT9uN+3r7yLEYSlJsbQGdsaB/a0DlgWP3pql6iwOc=
github.com/mattn/go-isatty v0.0.7/go.mod h1:Iq45c/XA43vh69/j3iqttzPXn0bhXyGjM0Hdxcsrc5s=
github.com/mitchellh/go-homedir v1.1.0 h1:lukF9ziXFxDFPkA1vsr5zpc1XuPDn/wFntq5mG+4E0Y=
github.com/mitchellh/go-homedir v1.1.0/go.mod h1:SfyaCUpYCn1Vlf4IUYiD9fPX4A5wJrkLzIz1N1q0pr0=
github.com/mitchellh/mapstructure v1.1.2 h1:fmNYVwqnSfB9mZU6OS2O6GsXM+wcskZDuKQzvN1EDeE=
github.com/mitchellh/mapstructure v1.1.2/go.mod h1:FVVH3fgwuzCH5S8UJGiWEs2h04kUh9fWfEaFds41c1Y=
github.com/nicksnyder/go-i18n v1.10.1 h1:isfg77E/aCD7+0lD/D00ebR2MV5vgeQ276WYyDaCRQc=
github.com/nicksnyder/go-i18n/v2 v2.0.3 h1:ks/JkQiOEhhuF6jpNvx+Wih1NIiXzUnZeZVnJuI8R8M=
github.com/nicksnyder/go-i18n/v2 v2.0.3/go.mod h1:oDab7q8XCYMRlcrBnaY/7B1eOectbvj6B1UPBT+p5jo=
github.com/nkovacs/streamquote v0.0.0-20170412213628-49af9bddb229/go.mod h1:0aYXnNPJ8l7uZxf45rWW1a/uME32OF0rhiYGNQ2oF2E=
github.com/pelletier/go-toml v1.2.0 h1:T5zMGML61Wp+FlcbWjRDT7yAxhJNAiPPLOFECq181zc=
github.com/pelletier/go-toml v1.2.0/go.mod h1:5z9KED0ma1S8pY6P1sdut58dfprrGBbd/94hg7ilaic=
github.com/pmezard/go-difflib v1.0.0 h1:4DBwDE0NGyQoBHbLQYPwSUPoCMWR5BEzIk/f1lZbAQM=
github.com/pmezard/go-difflib v1.0.0/go.mod h1:iKH77koFhYxTK1pcRnkKkqfTogsbg7gZNVY4sRDYZ/4=
github.com/rs/xid v1.2.1 h1:mhH9Nq+C1fY2l1XIpgxIiUOfNpRBYH1kKcr+qfKgjRc=
github.com/rs/xid v1.2.1/go.mod h1:+uKXf+4Djp6Md1KODXJxgGQPKngRmWyn10oCKFzNHOQ=
github.com/secsy/goftp v0.0.0-20180816013212-012609e90524 h1:c+CIji4IZDDZCFn8qH/H3ezxcR19kZnnF9xiUVxKYls=
github.com/secsy/goftp v0.0.0-20180816013212-012609e90524/go.mod h1:MnkX001NG75g3p8bhFycnyIjeQoOjGL6CEIsdE/nKSY=
github.com/spf13/afero v1.1.2 h1:m8/z1t7/fwjysjQRYbP0RD+bUIF/8tJwPdEZsI83ACI=
github.com/spf13/afero v1.1.2/go.mod h1:j4pytiNVoe2o6bmDsKpLACNPDBIoEAkihy7loJ1B0CQ=
github.com/spf13/cast v1.3.0 h1:oget//CVOEoFewqQxwr0Ej5yjygnqGkvggSE/gB35Q8=
github.com/spf13/cast v1.3.0/go.mod h1:Qx5cxh0v+4UWYiBimWS+eyWzqEqokIECu5etghLkUJE=
github.com/spf13/jwalterweatherman v1.0.0 h1:XHEdyB+EcvlqZamSM4ZOMGlc93t6AcsBEu9Gc1vn7yk=
github.com/spf13/jwalterweatherman v1.0.0/go.mod h1:cQK4TGJAtQXfYWX+Ddv3mKDzgVb68N+wFjFa4jdeBTo=
github.com/spf13/pflag v1.0.3 h1:zPAT6CGy6wXeQ7NtTnaTerfKOsV6V6F8agHXFiazDkg=
github.com/spf13/pflag v1.0.3/go.mod h1:DYY7MBk1bdzusC3SYhjObp+wFpr4gzcvqqNjLnInEg4=
github.com/spf13/viper v1.3.2 h1:VUFqw5KcqRf7i70GOzW7N+Q7+gxVBkSSqiXB12+JQ4M=
github.com/spf13/viper v1.3.2/go.mod h1:ZiWeW+zYFKm7srdB9IoDzzZXaJaI5eL9QjNiN/DMA2s=
github.com/stretchr/testify v1.2.2 h1:bSDNvY7ZPG5RlJ8otE/7V6gMiyenm9RtJ7IUVIAoJ1w=
github.com/stretchr/testify v1.2.2/go.mod h1:a8OnRcib4nhh0OaRAV+Yts87kKdq0PP7pXfy6kDkUVs=
github.com/ugorji/go/codec v0.0.0-20181204163529-d75b2dcb6bc8 h1:3SVOIvH7Ae1KRYyQWRjXWJEA9sS/c/pjvH++55Gr648=
github.com/ugorji/go/codec v0.0.0-20181204163529-d75b2dcb6bc8/go.mod h1:VFNgLljTbGfSG7qAOspJ7OScBnGdDN/yBr0sguwnwf0=
github.com/valyala/bytebufferpool v1.0.0/go.mod h1:6bBcMArwyJ5K/AmCkWv1jt77kVWyCJ6HpOuEn7z0Csc=
github.com/valyala/fasttemplate v1.0.1/go.mod h1:UQGH1tvbgY+Nz5t2n7tXsz52dQxojPUpymEIMZ47gx8=
github.com/xordataexchange/crypt v0.0.3-0.20170626215501-b2862e3d0a77/go.mod h1:aYKd//L2LvnjZzWKhF00oedf4jCCReLcmhLdhm1A27Q=
golang.org/x/crypto v0.0.0-20181203042331-505ab145d0a9 h1:mKdxBk7AujPs8kU4m80U72y/zjbZ3UcXC7dClwKbUI0=
golang.org/x/crypto v0.0.0-20181203042331-505ab145d0a9/go.mod h1:6SG95UA2DQfeDnfUPMdvaQW0Q7yPrPDi9nlGo2tz2b4=
golang.org/x/crypto v0.0.0-20190308221718-c2843e01d9a2/go.mod h1:djNgcEr1/C05ACkg1iLfiJU5Ep61QUkGW8qpdssI0+w=
golang.org/x/crypto v0.0.0-20190506204251-e1dfcc566284 h1:rlLehGeYg6jfoyz/eDqDU1iRXLKfR42nnNh57ytKEWo=
golang.org/x/crypto v0.0.0-20190506204251-e1dfcc566284/go.mod h1:yigFU9vqHzYiE8UmvKecakEJjdnWj3jj499lnFckfCI=
golang.org/x/net v0.0.0-20190311183353-d8887717615a/go.mod h1:t9HGtf8HONx5eT2rtn7q6eTqICYqUVnKs3thJo3Qplg=
golang.org/x/net v0.0.0-20190404232315-eb5bcb51f2a3/go.mod h1:t9HGtf8HONx5eT2rtn7q6eTqICYqUVnKs3thJo3Qplg=
golang.org/x/net v0.0.0-20190503192946-f4e77d36d62c/go.mod h1:t9HGtf8HONx5eT2rtn7q6eTqICYqUVnKs3thJo3Qplg=
golang.org/x/sync v0.0.0-20190423024810-112230192c58/go.mod h1:RxMgew5VJxzue5/jJTE5uejpjVlOe/izrB70Jof72aM=
golang.org/x/sys v0.0.0-20181205085412-a5c9d58dba9a h1:1n5lsVfiQW3yfsRGu98756EH1YthsFqr/5mxHduZW2A=
golang.org/x/sys v0.0.0-20181205085412-a5c9d58dba9a/go.mod h1:STP8DvDyc/dI5b8T5hshtkjS+E42TnysNCUPdjciGhY=
golang.org/x/sys v0.0.0-20190215142949-d0b11bdaac8a/go.mod h1:STP8DvDyc/dI5b8T5hshtkjS+E42TnysNCUPdjciGhY=
golang.org/x/sys v0.0.0-20190222072716-a9d3bda3a223 h1:DH4skfRX4EBpamg7iV4ZlCpblAHI6s6TDM39bFZumv8=
golang.org/x/sys v0.0.0-20190222072716-a9d3bda3a223/go.mod h1:STP8DvDyc/dI5b8T5hshtkjS+E42TnysNCUPdjciGhY=
golang.org/x/sys v0.0.0-20190412213103-97732733099d/go.mod h1:h1NjWce9XRLGQEsW7wpKNCjG9DtNlClVuFLEZdDNbEs=
golang.org/x/sys v0.0.0-20190507160741-ecd444e8653b h1:ag/x1USPSsqHud38I9BAC88qdNLDHHtQ4mlgQIZPPNA=
golang.org/x/sys v0.0.0-20190507160741-ecd444e8653b/go.mod h1:h1NjWce9XRLGQEsW7wpKNCjG9DtNlClVuFLEZdDNbEs=
golang.org/x/text v0.3.0 h1:g61tztE5qeGQ89tm6NTjjM9VPIm088od1l6aSorWRWg=
golang.org/x/text v0.3.0/go.mod h1:NqM8EUOU14njkJ3fqMW+pc6Ldnwhi/IjpwHt7yyuwOQ=
golang.org/x/text v0.3.2 h1:tW2bmiBqwgJj/UpqtC8EpXEZVYOwU0yG4iWbprSVAcs=
golang.org/x/text v0.3.2/go.mod h1:bEr9sfX3Q8Zfm5fL9x+3itogRgK3+ptLWKqgva+5dAk=
golang.org/x/tools v0.0.0-20180917221912-90fa682c2a6e/go.mod h1:n7NCudcB/nEzxVGmLbDWY5pfWTLqBcC2KZ6jyYvM4mQ=
golang.org/x/tools v0.0.0-20190506145303-2d16b83fe98c/go.mod h1:RgjU9mgBXZiqYHBnxXauZ1Gv1EHHAz9KjViQ78xBX0Q=
gopkg.in/check.v1 v0.0.0-20161208181325-20d25e280405 h1:yhCVgyC4o1eVCa2tZl7eS0r+SDo693bJlVdllGtEeKM=
gopkg.in/check.v1 v0.0.0-20161208181325-20d25e280405/go.mod h1:Co6ibVJAznAaIkqp8huTwlJQCZ016jof/cbN4VW5Yz0=
gopkg.in/go-playground/validator.v8 v8.18.2 h1:lFB4DoMU6B626w8ny76MV7VX6W2VHct2GVOI3xgiMrQ=
gopkg.in/go-playground/validator.v8 v8.18.2/go.mod h1:RX2a/7Ha8BgOhfk7j780h4/u/RRjR0eouCJSH80/M2Y=
gopkg.in/yaml.v2 v2.2.1/go.mod h1:hI93XBmqTisBFMUTm0b8Fm+jr3Dg1NNxqwp+5A1VGuI=
gopkg.in/yaml.v2 v2.2.2 h1:ZCJp+EgiOT7lHqUV2J862kp8Qj64Jo6az82+3Td9dZw=
gopkg.in/yaml.v2 v2.2.2/go.mod h1:hI93XBmqTisBFMUTm0b8Fm+jr3Dg1NNxqwp+5A1VGuI=
gopkg.in/yaml.v2 v2.2.8 h1:obN1ZagJSUGI0Ek/LBmuj4SNLPfIny3KsKFopxRdj10=
gopkg.in/yaml.v2 v2.2.8/go.mod h1:hI93XBmqTisBFMUTm0b8Fm+jr3Dg1NNxqwp+5A1VGuI=
